
Microsoft Visual Studio Solution File, Format Version 12.00
# Visual Studio Version 17
VisualStudioVersion = 17.5.33516.290
MinimumVisualStudioVersion = 10.0.40219.1
Project("{FAE04EC0-301F-11D3-BF4B-00C04F79EFBC}") = "OnlineExam", "OnlineExam\OnlineExam.csproj", "{4D2E5357-1290-4D44-8443-4A85F15A9637}"
EndProject
Global
	GlobalSection(SolutionConfigurationPlatforms) = preSolution
		Debug|Any CPU = Debug|Any CPU
		Release|Any CPU = Release|Any CPU
	EndGlobalSection
	GlobalSection(ProjectConfigurationPlatforms) = postSolution
		{4D2E5357-1290-4D44-8443-4A85F15A9637}.Debug|Any CPU.ActiveCfg = Debug|Any CPU
		{4D2E5357-1290-4D44-8443-4A85F15A9637}.Debug|Any CPU.Build.0 = Debug|Any CPU
		{4D2E5357-1290-4D44-8443-4A85F15A9637}.Release|Any CPU.ActiveCfg = Release|Any CPU
		{4D2E5357-1290-4D44-8443-4A85F15A9637}.Release|Any CPU.Build.0 = Release|Any CPU
	EndGlobalSection
	GlobalSection(SolutionProperties) = preSolution
		HideSolutionNode = FALSE
	EndGlobalSection
	GlobalSection(ExtensibilityGlobals) = postSolution
		SolutionGuid = {5458F814-35E2-49A6-B548-43BB80645736}
	EndGlobalSection
EndGlobal
